<?xml version="1.0" encoding="utf-8"?>
<Project ToolsVersion="4.0" xmlns="http://schemas.microsoft.com/developer/msbuild/2003">
  <ItemGroup>
    <Filter Include="Source Files">
      <UniqueIdentifier>{4FC737F1-C7A5-4376-A066-2A32D752A2FF}</UniqueIdentifier>
      <Extensions>cpp;c;cc;cxx;def;odl;idl;hpj;bat;asm;asmx</Extensions>
    </Filter>
    <Filter Include="Header Files">
      <UniqueIdentifier>{93995380-89BD-4b04-88EB-625FBE52EBFB}</UniqueIdentifier>
      <Extensions>h;hh;hpp;hxx;hm;inl;inc;xsd</Extensions>
    </Filter>
    <Filter Include="Resource Files">
      <UniqueIdentifier>{67DA6AB6-F800-4c08-8B7A-83BB121AAD01}</UniqueIdentifier>
      <Extensions>rc;ico;cur;bmp;dlg;rc2;rct;bin;rgs;gif;jpg;jpeg;jpe;resx;tiff;tif;png;wav;mfcribbon-ms</Extensions>
    </Filter>
    <Filter Include="Source Files\Class">
      <UniqueIdentifier>{6482776b-cf6a-4885-9c13-168ed93ce5cc}</UniqueIdentifier>
    </Filter>
    <Filter Include="Header Files\Objects">
      <UniqueIdentifier>{386bec7a-bd08-417b-9834-0a0c139a4d08}</UniqueIdentifier>
    </Filter>
    <Filter Include="Source Files\Objects">
      <UniqueIdentifier>{4b2de22e-1c09-411f-889d-1692801537b5}</UniqueIdentifier>
    </Filter>
  </ItemGroup>
  <ItemGroup>
    <ClCompile Include="RT_Window.cpp">
      <Filter>Source Files\Class</Filter>
    </ClCompile>
    <ClCompile Include="RT_Pixel.cpp">
      <Filter>Source Files\Class</Filter>
    </ClCompile>
    <ClCompile Include="Main.cpp">
      <Filter>Source Files</Filter>
    </ClCompile>
    <ClCompile Include="RT_Scene.cpp">
      <Filter>Source Files\Class</Filter>
    </ClCompile>
    <ClCompile Include="RT_Sphere.cpp">
      <Filter>Source Files\Objects</Filter>
    </ClCompile>
    <ClCompile Include="RT_Plane.cpp">
      <Filter>Source Files\Objects</Filter>
    </ClCompile>
  </ItemGroup>
  <ItemGroup>
    <ClInclude Include="RT_Window.h">
      <Filter>Header Files</Filter>
    </ClInclude>
    <ClInclude Include="RT_Pixel.h">
      <Filter>Header Files</Filter>
    </ClInclude>
    <ClInclude Include="RT.h">
      <Filter>Header Files</Filter>
    </ClInclude>
    <ClInclude Include="RT_Vector3df.h">
      <Filter>Header Files</Filter>
    </ClInclude>
    <ClInclude Include="RT_Object.h">
      <Filter>Header Files\Objects</Filter>
    </ClInclude>
    <ClInclude Include="RT_Scene.h">
      <Filter>Header Files</Filter>
    </ClInclude>
    <ClInclude Include="RT_Sphere.h">
      <Filter>Header Files\Objects</Filter>
    </ClInclude>
    <ClInclude Include="RT_Intersec.h">
      <Filter>Header Files</Filter>
    </ClInclude>
    <ClInclude Include="RT_Light.h">
      <Filter>Header Files</Filter>
    </ClInclude>
    <ClInclude Include="RT_Plane.h">
      <Filter>Header Files\Objects</Filter>
    </ClInclude>
    <ClInclude Include="RT_Color.h">
      <Filter>Header Files</Filter>
    </ClInclude>
    <ClInclude Include="RT_Screen.h">
      <Filter>Header Files</Filter>
    </ClInclude>
  </ItemGroup>
</Project>